version = 1
revision = 3
requires-python = ">=3.10"

[[package]]
name = "colorama"
version = "0.4.6"
source = { registry = "https://pypi.org/simple" }
sdist = { url = "https://files.pythonhosted.org/packages/d8/53/6f443c9a4a8358a93a6792e2acffb9d9d5cb0a5cfd8802644b7b1c9a02e4/colorama-0.4.6.tar.gz", hash = "sha256:08695f5cb7ed6e0531a20572697297273c47b8cae5a63ffc6d6ed5c201be6e44", size = 27697, upload-time = "2022-10-25T02:36:22.414Z" }
wheels = [
    { url = "https://files.pythonhosted.org/packages/d1/d6/3965ed04c63042e047cb6a3e6ed1a63a35087b6a609aa3a15ed8ac56c221/colorama-0.4.6-py2.py3-none-any.whl", hash = "sha256:4f1d9991f5acc0ca119f9d443620b77f9d6b33703e51011c16baf57afb285fc6", size = 25335, upload-time = "2022-10-25T02:36:20.889Z" },
]

[[package]]
name = "exceptiongroup"
version = "1.3.0"
source = { registry = "https://pypi.org/simple" }
dependencies = [
    { name = "typing-extensions", marker = "python_full_version < '3.13'" },
]
sdist = { url = "https://files.pythonhosted.org/packages/0b/9f/a65090624ecf468cdca03533906e7c69ed7588582240cfe7cc9e770b50eb/exceptiongroup-1.3.0.tar.gz", hash = "sha256:b241f5885f560bc56a59ee63ca4c6a8bfa46ae4ad651af316d4e81817bb9fd88", size = 29749, upload-time = "2025-05-10T17:42:51.123Z" }
wheels = [
    { url = "https://files.pythonhosted.org/packages/36/f4/c6e662dade71f56cd2f3735141b265c3c79293c109549c1e6933b0651ffc/exceptiongroup-1.3.0-py3-none-any.whl", hash = "sha256:4d111e6e0c13d0644cad6ddaa7ed0261a0b36971f6d23e7ec9b4b9097da78a10", size = 16674, upload-time = "2025-05-10T17:42:49.33Z" },
]

[[package]]
name = "iniconfig"
version = "2.3.0"
source = { registry = "https://pypi.org/simple" }
sdist = { url = "https://files.pythonhosted.org/packages/72/34/14ca021ce8e5dfedc35312d08ba8bf51fdd999c576889fc2c24cb97f4f10/iniconfig-2.3.0.tar.gz", hash = "sha256:c76315c77db068650d49c5b56314774a7804df16fee4402c1f19d6d15d8c4730", size = 20503, upload-time = "2025-10-18T21:55:43.219Z" }
wheels = [
    { url = "https://files.pythonhosted.org/packages/cb/b1/3846dd7f199d53cb17f49cba7e651e9ce294d8497c8c150530ed11865bb8/iniconfig-2.3.0-py3-none-any.whl", hash = "sha256:f631c04d2c48c52b84d0d0549c99ff3859c98df65b3101406327ecc7d53fbf12", size = 7484, upload-time = "2025-10-18T21:55:41.639Z" },
]

[[package]]
name = "packaging"
version = "25.0"
source = { registry = "https://pypi.org/simple" }
sdist = { url = "https://files.pythonhosted.org/packages/a1/d4/1fc4078c65507b51b96ca8f8c3ba19e6a61c8253c72794544580a7b6c24d/packaging-25.0.tar.gz", hash = "sha256:d443872c98d677bf60f6a1f2f8c1cb748e8fe762d2bf9d3148b5599295b0fc4f", size = 165727, upload-time = "2025-04-19T11:48:59.673Z" }
wheels = [
    { url = "https://files.pythonhosted.org/packages/20/12/38679034af332785aac8774540895e234f4d07f7545804097de4b666afd8/packaging-25.0-py3-none-any.whl", hash = "sha256:29572ef2b1f17581046b3a2227d5c611fb25ec70ca1ba8554b24b0e69331a484", size = 66469, upload-time = "2025-04-19T11:48:57.875Z" },
]

[[package]]
name = "pluggy"
version = "1.6.0"
source = { registry = "https://pypi.org/simple" }
sdist = { url = "https://files.pythonhosted.org/packages/f9/e2/3e91f31a7d2b083fe6ef3fa267035b518369d9511ffab804f839851d2779/pluggy-1.6.0.tar.gz", hash = "sha256:7dcc130b76258d33b90f61b658791dede3486c3e6bfb003ee5c9bfb396dd22f3", size = 69412, upload-time = "2025-05-15T12:30:07.975Z" }
wheels = [
    { url = "https://files.pythonhosted.org/packages/54/20/4d324d65cc6d9205fabedc306948156824eb9f0ee1633355a8f7ec5c66bf/pluggy-1.6.0-py3-none-any.whl", hash = "sha256:e920276dd6813095e9377c0bc5566d94c932c33b27a3e3945d8389c374dd4746", size = 20538, upload-time = "2025-05-15T12:30:06.134Z" },
]

[[package]]
name = "pygments"
version = "2.20.0"
source = { registry = "https://pypi.org/simple" }
sdist = { url = "https://files.pythonhosted.org/packages/c3/b2/bc9c9196916376152d655522fdcebac55e66de6603a76a02bca1b6414f6c/pygments-2.20.0.tar.gz", hash = "sha256:6757cd03768053ff99f3039c1a36d6c0aa0b263438fcab17520b30a303a82b5f", size = 4955991, upload-time = "2026-03-29T13:29:33.898Z" }
wheels = [
    { url = "https://files.pythonhosted.org/packages/f4/7e/a72dd26f3b0f4f2bf1dd8923c85f7ceb43172af56d63c7383eb62b332364/pygments-2.20.0-py3-none-any.whl", hash = "sha256:81a9e26dd42fd28a23a2d169d86d7ac03b46e2f8b59ed4698fb4785f946d0176", size = 1231151, upload-time = "2026-03-29T13:29:30.038Z" },
]

[[package]]
name = "pytest"
version = "9.1.1"
source = { registry = "https://pypi.org/simple" }
dependencies = [
    { name = "colorama", marker = "sys_platform == 'win32'" },
    { name = "exceptiongroup", marker = "python_full_version < '3.11'" },
    { name = "iniconfig" },
    { name = "packaging" },
    { name = "pluggy" },
    { name = "pygments" },
    { name = "tomli", marker = "python_full_version < '3.11'" },
]
sdist = { url = "https://files.pythonhosted.org/packages/e4/47/b9efed96c114afcfa3c9d3fe98a76a1d14c74a9e266d397cf6eb64be5e01/pytest-9.1.1.tar.gz", hash = "sha256:1088fbde8f2b49d95a549a195707afa7a76a3ce9bcadc26b6d71f0ffda5fe313", size = 1636369, upload-time = "2026-06-19T10:58:32.857Z" }
wheels = [
    { url = "https://files.pythonhosted.org/packages/24/25/1de2678b631f5a49215c6c96fff41ba892b0a34df68d6d80292b1b48aa7f/pytest-9.1.1-py3-none-any.whl", hash = "sha256:37a86b45efb9a47a61a36449063e8e18d0cab3161329fc099eb21783169c4f0c", size = 386536, upload-time = "2026-06-19T10:58:31.347Z" },
]

[[package]]
name = "python-project-template"
version = "0.1.0"
source = { editable = "." }

[package.dev-dependencies]
dev = [
    { name = "pytest" },
    { name = "ruff" },
    { name = "ty" },
]

[package.metadata]

[package.metadata.requires-dev]
dev = [
    { name = "pytest", specifier = ">=9.1.1" },
    { name = "ruff", specifier = ">=0.16.0" },
    { name = "ty", specifier = ">=0.0.63" },
]

[[package]]
name = "ruff"
version = "0.16.0"
source = { registry = "https://pypi.org/simple" }
sdist = { url = "https://files.pythonhosted.org/packages/4d/94/1e5e4967626faf12fa56999cd6222dff6992ceb086ad7945756baf70c7a7/ruff-0.16.0.tar.gz", hash = "sha256:e460aafd5495ec89efaa6ced2e4a9a581116451e1c88b9d37ef497e0f8e93982", size = 4790557, upload-time = "2026-07-23T19:11:30.981Z" }
wheels = [
    { url = "https://files.pythonhosted.org/packages/4b/81/1c8818fee7ce1a04cd7d1b3172e0a8f8e4f1dc4feb7fc390e16daa8af323/ruff-0.16.0-py3-none-linux_armv6l.whl", hash = "sha256:e5115729eb08c585e5121978ba5d5b60caeae394ce21b9fb5e6cd33a1c6c9b1e", size = 10754633, upload-time = "2026-07-23T19:10:46.415Z" },
    { url = "https://files.pythonhosted.org/packages/23/df/beaf59c09d68db84304d555f188b276a77132a5d5b0b67a5c762aa143628/ruff-0.16.0-py3-none-macosx_10_12_x86_64.whl", hash = "sha256:3c954b1d580bfa035b41654f7858cc7e71d5fc3ac5b723dd62bd9133830ed522", size = 10969164, upload-time = "2026-07-23T19:10:50.271Z" },
    { url = "https://files.pythonhosted.org/packages/42/ce/741cd197496a1abbf51352710fd15ed995d2a2be87189c1da26a450d6e83/ruff-0.16.0-py3-none-macosx_11_0_arm64.whl", hash = "sha256:e01c21d10eb1b29f47b7454e1f4056db9a3f0260c646aa88457c610291db9f81", size = 10488846, upload-time = "2026-07-23T19:10:52.639Z" },
    { url = "https://files.pythonhosted.org/packages/52/2a/a2db8e88cade358f5cdcb05674a917751074109315d014eb6352d9a893f7/ruff-0.16.0-py3-none-manylinux_2_17_aarch64.manylinux2014_aarch64.whl", hash = "sha256:6e364e5ed22ed8dc05082fd78e35308618260907ac2d3c1d637b2e682415b6c9", size = 10889729, upload-time = "2026-07-23T19:10:54.89Z" },
    { url = "https://files.pythonhosted.org/packages/42/65/62a771694ebd63029dc953e27dbad40e1588bd4860ff9fe881018fddaa49/ruff-0.16.0-py3-none-manylinux_2_17_armv7l.manylinux2014_armv7l.whl", hash = "sha256:d327b8fc113a1d4421a04f3839d3752057c8dd1ee320223a6f3f52d04ada462a", size = 10568275, upload-time = "2026-07-23T19:10:56.993Z" },
    { url = "https://files.pythonhosted.org/packages/3f/e2/ced249fe8af5f086c5c58cc21cc3356d50f32f7401c5df87050c999620a7/ruff-0.16.0-py3-none-manylinux_2_17_i686.manylinux2014_i686.whl", hash = "sha256:a9b50c55e263103586b3dcf5f73d479eb8cb5fdb6098fec59a62891dab653717", size = 11385112, upload-time = "2026-07-23T19:10:59.615Z" },
    { url = "https://files.pythonhosted.org/packages/87/0b/05154977a8fd69eeb6c103271f55403bfd8711f5c0f8ed07489d95a504e7/ruff-0.16.0-py3-none-manylinux_2_17_ppc64le.manylinux2014_ppc64le.whl", hash = "sha256:0ff4a79ce3ec0172f3241943835de1c4cb4e2dcd07f0f8c2d02603dbbbee4b17", size = 12207008, upload-time = "2026-07-23T19:11:02.154Z" },
    { url = "https://files.pythonhosted.org/packages/fb/29/98225831a3a1eab0e02f4acc6ca6559a98611dcc68b6965ff4b7234627c1/ruff-0.16.0-py3-none-manylinux_2_17_s390x.manylinux2014_s390x.whl", hash = "sha256:e95c448fca1fb2a18372a9440926c5a6ee789639bb975c72e7ae6d0b04218ab4", size = 11650842, upload-time = "2026-07-23T19:11:04.557Z" },
    { url = "https://files.pythonhosted.org/packages/91/66/6bd3cf90500653d55dc0ffc8507aa8300bd49d0214b2e8cb4d3fef2943ba/ruff-0.16.0-py3-none-manylinux_2_17_x86_64.manylinux2014_x86_64.whl", hash = "sha256:4f11a8d11010301d0a398a2fdef67691feca7294da6aef55e2150e8fa2cd520b", size = 11400718, upload-time = "2026-07-23T19:11:09.233Z" },
    { url = "https://files.pythonhosted.org/packages/8e/a2/a54eb4eae05d66364050a5d3b8a9c5ef88196531b3cbe7109d873f87f819/ruff-0.16.0-py3-none-manylinux_2_31_riscv64.whl", hash = "sha256:48044c678e9cb8698246c99b14aaccfa6601dea7379eb48a6f8f73f7a6d86cd0", size = 11426177, upload-time = "2026-07-23T19:11:11.994Z" },
    { url = "https://files.pythonhosted.org/packages/1a/be/16e3eea4b2a478a496919f5e36f17c4559e54620bd3bbac5d6affa068006/ruff-0.16.0-py3-none-musllinux_1_2_aarch64.whl", hash = "sha256:7aa0959bad8eb8bef50340154fc9b58678dae31fa4293afa38b44b6e552c0213", size = 10856126, upload-time = "2026-07-23T19:11:14.221Z" },
    { url = "https://files.pythonhosted.org/packages/a2/84/252eb8b868a16eec7257c14f504f77537e734b2d69c762e639e588e304a3/ruff-0.16.0-py3-none-musllinux_1_2_armv7l.whl", hash = "sha256:28ea2b7df8ebf7f9da6b7d47b230ab48f387c0a29be3b474c4d0740e197bb9af", size = 10571208, upload-time = "2026-07-23T19:11:16.378Z" },
    { url = "https://files.pythonhosted.org/packages/21/09/817a482f542f7570cbb4554b26e896610c7114f539b1d9e2d2145bf6bef6/ruff-0.16.0-py3-none-musllinux_1_2_i686.whl", hash = "sha256:33a3dfac8c35f81498dea9181bccc2f4c4bc8f1521a1dd9406e77643e0f0fb09", size = 11063329, upload-time = "2026-07-23T19:11:19.173Z" },
    { url = "https://files.pythonhosted.org/packages/2e/23/9403c180ca1cb9b1f7335f5c3e5305c09d49ea5b345196682a36028bde4a/ruff-0.16.0-py3-none-musllinux_1_2_x86_64.whl", hash = "sha256:a5237a0bda500d30d81b8e07a6973a5cbc772864cbf746ae2f4e8a2e01c9f4ed", size = 11489751, upload-time = "2026-07-23T19:11:21.74Z" },
    { url = "https://files.pythonhosted.org/packages/b2/1d/1b2ef7bcde851c78d7f17f1cca13fd6dc695fc4b3d6197941e72cae5b132/ruff-0.16.0-py3-none-win32.whl", hash = "sha256:7fab76fa065c873f41ff744347c6e77bcc3dfec4bcc754dc26b63d23c0f7f5fb", size = 10785885, upload-time = "2026-07-23T19:11:23.947Z" },
    { url = "https://files.pythonhosted.org/packages/b2/a3/d5e4ef7a56be3f928ffb90b94c25ba7d3cb9c7fe0736aeaaedf361770712/ruff-0.16.0-py3-none-win_amd64.whl", hash = "sha256:429c117f022bf481fabd9d551e7a3952b24c65e6ef44337ea09d90bebef14472", size = 11923141, upload-time = "2026-07-23T19:11:26.409Z" },
    { url = "https://files.pythonhosted.org/packages/cb/9a/8415f2657cbe200f41a4531ccededf135505a92d4a012229121f885b26f9/ruff-0.16.0-py3-none-win_arm64.whl", hash = "sha256:14296fedcd2705c77ab8235439278bbb38f285cf7da5528b00b3e330c3d4872d", size = 11273407, upload-time = "2026-07-23T19:11:28.705Z" },
]

[[package]]
name = "tomli"
version = "2.3.0"
source = { registry = "https://pypi.org/simple" }
sdist = { url = "https://files.pythonhosted.org/packages/52/ed/3f73f72945444548f33eba9a87fc7a6e969915e7b1acc8260b30e1f76a2f/tomli-2.3.0.tar.gz", hash = "sha256:64be704a875d2a59753d80ee8a533c3fe183e3f06807ff7dc2232938ccb01549", size = 17392, upload-time = "2025-10-08T22:01:47.119Z" }
wheels = [
    { url = "https://files.pythonhosted.org/packages/b3/2e/299f62b401438d5fe1624119c723f5d877acc86a4c2492da405626665f12/tomli-2.3.0-cp311-cp311-macosx_10_9_x86_64.whl", hash = "sha256:88bd15eb972f3664f5ed4b57c1634a97153b4bac4479dcb6a495f41921eb7f45", size = 153236, upload-time = "2025-10-08T22:01:00.137Z" },
    { url = "https://files.pythonhosted.org/packages/86/7f/d8fffe6a7aefdb61bced88fcb5e280cfd71e08939da5894161bd71bea022/tomli-2.3.0-cp311-cp311-macosx_11_0_arm64.whl", hash = "sha256:883b1c0d6398a6a9d29b508c331fa56adbcdff647f6ace4dfca0f50e90dfd0ba", size = 148084, upload-time = "2025-10-08T22:01:01.63Z" },
    { url = "https://files.pythonhosted.org/packages/47/5c/24935fb6a2ee63e86d80e4d3b58b222dafaf438c416752c8b58537c8b89a/tomli-2.3.0-cp311-cp311-manylinux2014_aarch64.manylinux_2_17_aarch64.manylinux_2_28_aarch64.whl", hash = "sha256:d1381caf13ab9f300e30dd8feadb3de072aeb86f1d34a8569453ff32a7dea4bf", size = 234832, upload-time = "2025-10-08T22:01:02.543Z" },
    { url = "https://files.pythonhosted.org/packages/89/da/75dfd804fc11e6612846758a23f13271b76d577e299592b4371a4ca4cd09/tomli-2.3.0-cp311-cp311-manylinux2014_x86_64.manylinux_2_17_x86_64.manylinux_2_28_x86_64.whl", hash = "sha256:a0e285d2649b78c0d9027570d4da3425bdb49830a6156121360b3f8511ea3441", size = 242052, upload-time = "2025-10-08T22:01:03.836Z" },
    { url = "https://files.pythonhosted.org/packages/70/8c/f48ac899f7b3ca7eb13af73bacbc93aec37f9c954df3c08ad96991c8c373/tomli-2.3.0-cp311-cp311-musllinux_1_2_aarch64.whl", hash = "sha256:0a154a9ae14bfcf5d8917a59b51ffd5a3ac1fd149b71b47a3a104ca4edcfa845", size = 239555, upload-time = "2025-10-08T22:01:04.834Z" },
    { url = "https://files.pythonhosted.org/packages/ba/28/72f8afd73f1d0e7829bfc093f4cb98ce0a40ffc0cc997009ee1ed94ba705/tomli-2.3.0-cp311-cp311-musllinux_1_2_x86_64.whl", hash = "sha256:74bf8464ff93e413514fefd2be591c3b0b23231a77f901db1eb30d6f712fc42c", size = 245128, upload-time = "2025-10-08T22:01:05.84Z" },
    { url = "https://files.pythonhosted.org/packages/b6/eb/a7679c8ac85208706d27436e8d421dfa39d4c914dcf5fa8083a9305f58d9/tomli-2.3.0-cp311-cp311-win32.whl", hash = "sha256:00b5f5d95bbfc7d12f91ad8c593a1659b6387b43f054104cda404be6bda62456", size = 96445, upload-time = "2025-10-08T22:01:06.896Z" },
    { url = "https://files.pythonhosted.org/packages/0a/fe/3d3420c4cb1ad9cb462fb52967080575f15898da97e21cb6f1361d505383/tomli-2.3.0-cp311-cp311-win_amd64.whl", hash = "sha256:4dc4ce8483a5d429ab602f111a93a6ab1ed425eae3122032db7e9acf449451be", size = 107165, upload-time = "2025-10-08T22:01:08.107Z" },
    { url = "https://files.pythonhosted.org/packages/ff/b7/40f36368fcabc518bb11c8f06379a0fd631985046c038aca08c6d6a43c6e/tomli-2.3.0-cp312-cp312-macosx_10_13_x86_64.whl", hash = "sha256:d7d86942e56ded512a594786a5ba0a5e521d02529b3826e7761a05138341a2ac", size = 154891, upload-time = "2025-10-08T22:01:09.082Z" },
    { url = "https://files.pythonhosted.org/packages/f9/3f/d9dd692199e3b3aab2e4e4dd948abd0f790d9ded8cd10cbaae276a898434/tomli-2.3.0-cp312-cp312-macosx_11_0_arm64.whl", hash = "sha256:73ee0b47d4dad1c5e996e3cd33b8a76a50167ae5f96a2607cbe8cc773506ab22", size = 148796, upload-time = "2025-10-08T22:01:10.266Z" },
    { url = "https://files.pythonhosted.org/packages/60/83/59bff4996c2cf9f9387a0f5a3394629c7efa5ef16142076a23a90f1955fa/tomli-2.3.0-cp312-cp312-manylinux2014_aarch64.manylinux_2_17_aarch64.manylinux_2_28_aarch64.whl", hash = "sha256:792262b94d5d0a466afb5bc63c7daa9d75520110971ee269152083270998316f", size = 242121, upload-time = "2025-10-08T22:01:11.332Z" },
    { url = "https://files.pythonhosted.org/packages/45/e5/7c5119ff39de8693d6baab6c0b6dcb556d192c165596e9fc231ea1052041/tomli-2.3.0-cp312-cp312-manylinux2014_x86_64.manylinux_2_17_x86_64.manylinux_2_28_x86_64.whl", hash = "sha256:4f195fe57ecceac95a66a75ac24d9d5fbc98ef0962e09b2eddec5d39375aae52", size = 250070, upload-time = "2025-10-08T22:01:12.498Z" },
    { url = "https://files.pythonhosted.org/packages/45/12/ad5126d3a278f27e6701abde51d342aa78d06e27ce2bb596a01f7709a5a2/tomli-2.3.0-cp312-cp312-musllinux_1_2_aarch64.whl", hash = "sha256:e31d432427dcbf4d86958c184b9bfd1e96b5b71f8eb17e6d02531f434fd335b8", size = 245859, upload-time = "2025-10-08T22:01:13.551Z" },
    { url = "https://files.pythonhosted.org/packages/fb/a1/4d6865da6a71c603cfe6ad0e6556c73c76548557a8d658f9e3b142df245f/tomli-2.3.0-cp312-cp312-musllinux_1_2_x86_64.whl", hash = "sha256:7b0882799624980785240ab732537fcfc372601015c00f7fc367c55308c186f6", size = 250296, upload-time = "2025-10-08T22:01:14.614Z" },
    { url = "https://files.pythonhosted.org/packages/a0/b7/a7a7042715d55c9ba6e8b196d65d2cb662578b4d8cd17d882d45322b0d78/tomli-2.3.0-cp312-cp312-win32.whl", hash = "sha256:ff72b71b5d10d22ecb084d345fc26f42b5143c5533db5e2eaba7d2d335358876", size = 97124, upload-time = "2025-10-08T22:01:15.629Z" },
    { url = "https://files.pythonhosted.org/packages/06/1e/f22f100db15a68b520664eb3328fb0ae4e90530887928558112c8d1f4515/tomli-2.3.0-cp312-cp312-win_amd64.whl", hash = "sha256:1cb4ed918939151a03f33d4242ccd0aa5f11b3547d0cf30f7c74a408a5b99878", size = 107698, upload-time = "2025-10-08T22:01:16.51Z" },
    { url = "https://files.pythonhosted.org/packages/89/48/06ee6eabe4fdd9ecd48bf488f4ac783844fd777f547b8d1b61c11939974e/tomli-2.3.0-cp313-cp313-macosx_10_13_x86_64.whl", hash = "sha256:5192f562738228945d7b13d4930baffda67b69425a7f0da96d360b0a3888136b", size = 154819, upload-time = "2025-10-08T22:01:17.964Z" },
    { url = "https://files.pythonhosted.org/packages/f1/01/88793757d54d8937015c75dcdfb673c65471945f6be98e6a0410fba167ed/tomli-2.3.0-cp313-cp313-macosx_11_0_arm64.whl", hash = "sha256:be71c93a63d738597996be9528f4abe628d1adf5e6eb11607bc8fe1a510b5dae", size = 148766, upload-time = "2025-10-08T22:01:18.959Z" },
    { url = "https://files.pythonhosted.org/packages/42/17/5e2c956f0144b812e7e107f94f1cc54af734eb17b5191c0bbfb72de5e93e/tomli-2.3.0-cp313-cp313-manylinux2014_aarch64.manylinux_2_17_aarch64.manylinux_2_28_aarch64.whl", hash = "sha256:c4665508bcbac83a31ff8ab08f424b665200c0e1e645d2bd9ab3d3e557b6185b", size = 240771, upload-time = "2025-10-08T22:01:20.106Z" },
    { url = "https://files.pythonhosted.org/packages/d5/f4/0fbd014909748706c01d16824eadb0307115f9562a15cbb012cd9b3512c5/tomli-2.3.0-cp313-cp313-manylinux2014_x86_64.manylinux_2_17_x86_64.manylinux_2_28_x86_64.whl", hash = "sha256:4021923f97266babc6ccab9f5068642a0095faa0a51a246a6a02fccbb3514eaf", size = 248586, upload-time = "2025-10-08T22:01:21.164Z" },
    { url = "https://files.pythonhosted.org/packages/30/77/fed85e114bde5e81ecf9bc5da0cc69f2914b38f4708c80ae67d0c10180c5/tomli-2.3.0-cp313-cp313-musllinux_1_2_aarch64.whl", hash = "sha256:a4ea38c40145a357d513bffad0ed869f13c1773716cf71ccaa83b0fa0cc4e42f", size = 244792, upload-time = "2025-10-08T22:01:22.417Z" },
    { url = "https://files.pythonhosted.org/packages/55/92/afed3d497f7c186dc71e6ee6d4fcb0acfa5f7d0a1a2878f8beae379ae0cc/tomli-2.3.0-cp313-cp313-musllinux_1_2_x86_64.whl", hash = "sha256:ad805ea85eda330dbad64c7ea7a4556259665bdf9d2672f5dccc740eb9d3ca05", size = 248909, upload-time = "2025-10-08T22:01:23.859Z" },
    { url = "https://files.pythonhosted.org/packages/f8/84/ef50c51b5a9472e7265ce1ffc7f24cd4023d289e109f669bdb1553f6a7c2/tomli-2.3.0-cp313-cp313-win32.whl", hash = "sha256:97d5eec30149fd3294270e889b4234023f2c69747e555a27bd708828353ab606", size = 96946, upload-time = "2025-10-08T22:01:24.893Z" },
    { url = "https://files.pythonhosted.org/packages/b2/b7/718cd1da0884f281f95ccfa3a6cc572d30053cba64603f79d431d3c9b61b/tomli-2.3.0-cp313-cp313-win_amd64.whl", hash = "sha256:0c95ca56fbe89e065c6ead5b593ee64b84a26fca063b5d71a1122bf26e533999", size = 107705, upload-time = "2025-10-08T22:01:26.153Z" },
    { url = "https://files.pythonhosted.org/packages/19/94/aeafa14a52e16163008060506fcb6aa1949d13548d13752171a755c65611/tomli-2.3.0-cp314-cp314-macosx_10_13_x86_64.whl", hash = "sha256:cebc6fe843e0733ee827a282aca4999b596241195f43b4cc371d64fc6639da9e", size = 154244, upload-time = "2025-10-08T22:01:27.06Z" },
    { url = "https://files.pythonhosted.org/packages/db/e4/1e58409aa78eefa47ccd19779fc6f36787edbe7d4cd330eeeedb33a4515b/tomli-2.3.0-cp314-cp314-macosx_11_0_arm64.whl", hash = "sha256:4c2ef0244c75aba9355561272009d934953817c49f47d768070c3c94355c2aa3", size = 148637, upload-time = "2025-10-08T22:01:28.059Z" },
    { url = "https://files.pythonhosted.org/packages/26/b6/d1eccb62f665e44359226811064596dd6a366ea1f985839c566cd61525ae/tomli-2.3.0-cp314-cp314-manylinux2014_aarch64.manylinux_2_17_aarch64.manylinux_2_28_aarch64.whl", hash = "sha256:c22a8bf253bacc0cf11f35ad9808b6cb75ada2631c2d97c971122583b129afbc", size = 241925, upload-time = "2025-10-08T22:01:29.066Z" },
    { url = "https://files.pythonhosted.org/packages/70/91/7cdab9a03e6d3d2bb11beae108da5bdc1c34bdeb06e21163482544ddcc90/tomli-2.3.0-cp314-cp314-manylinux2014_x86_64.manylinux_2_17_x86_64.manylinux_2_28_x86_64.whl", hash = "sha256:0eea8cc5c5e9f89c9b90c4896a8deefc74f518db5927d0e0e8d4a80953d774d0", size = 249045, upload-time = "2025-10-08T22:01:31.98Z" },
    { url = "https://files.pythonhosted.org/packages/15/1b/8c26874ed1f6e4f1fcfeb868db8a794cbe9f227299402db58cfcc858766c/tomli-2.3.0-cp314-cp314-musllinux_1_2_aarch64.whl", hash = "sha256:b74a0e59ec5d15127acdabd75ea17726ac4c5178ae51b85bfe39c4f8a278e879", size = 245835, upload-time = "2025-10-08T22:01:32.989Z" },
    { url = "https://files.pythonhosted.org/packages/fd/42/8e3c6a9a4b1a1360c1a2a39f0b972cef2cc9ebd56025168c4137192a9321/tomli-2.3.0-cp314-cp314-musllinux_1_2_x86_64.whl", hash = "sha256:b5870b50c9db823c595983571d1296a6ff3e1b88f734a4c8f6fc6188397de005", size = 253109, upload-time = "2025-10-08T22:01:34.052Z" },
    { url = "https://files.pythonhosted.org/packages/22/0c/b4da635000a71b5f80130937eeac12e686eefb376b8dee113b4a582bba42/tomli-2.3.0-cp314-cp314-win32.whl", hash = "sha256:feb0dacc61170ed7ab602d3d972a58f14ee3ee60494292d384649a3dc38ef463", size = 97930, upload-time = "2025-10-08T22:01:35.082Z" },
    { url = "https://files.pythonhosted.org/packages/b9/74/cb1abc870a418ae99cd5c9547d6bce30701a954e0e721821df483ef7223c/tomli-2.3.0-cp314-cp314-win_amd64.whl", hash = "sha256:b273fcbd7fc64dc3600c098e39136522650c49bca95df2d11cf3b626422392c8", size = 107964, upload-time = "2025-10-08T22:01:36.057Z" },
    { url = "https://files.pythonhosted.org/packages/54/78/5c46fff6432a712af9f792944f4fcd7067d8823157949f4e40c56b8b3c83/tomli-2.3.0-cp314-cp314t-macosx_10_13_x86_64.whl", hash = "sha256:940d56ee0410fa17ee1f12b817b37a4d4e4dc4d27340863cc67236c74f582e77", size = 163065, upload-time = "2025-10-08T22:01:37.27Z" },
    { url = "https://files.pythonhosted.org/packages/39/67/f85d9bd23182f45eca8939cd2bc7050e1f90c41f4a2ecbbd5963a1d1c486/tomli-2.3.0-cp314-cp314t-macosx_11_0_arm64.whl", hash = "sha256:f85209946d1fe94416debbb88d00eb92ce9cd5266775424ff81bc959e001acaf", size = 159088, upload-time = "2025-10-08T22:01:38.235Z" },
    { url = "https://files.pythonhosted.org/packages/26/5a/4b546a0405b9cc0659b399f12b6adb750757baf04250b148d3c5059fc4eb/tomli-2.3.0-cp314-cp314t-manylinux2014_aarch64.manylinux_2_17_aarch64.manylinux_2_28_aarch64.whl", hash = "sha256:a56212bdcce682e56b0aaf79e869ba5d15a6163f88d5451cbde388d48b13f530", size = 268193, upload-time = "2025-10-08T22:01:39.712Z" },
    { url = "https://files.pythonhosted.org/packages/42/4f/2c12a72ae22cf7b59a7fe75b3465b7aba40ea9145d026ba41cb382075b0e/tomli-2.3.0-cp314-cp314t-manylinux2014_x86_64.manylinux_2_17_x86_64.manylinux_2_28_x86_64.whl", hash = "sha256:c5f3ffd1e098dfc032d4d3af5c0ac64f6d286d98bc148698356847b80fa4de1b", size = 275488, upload-time = "2025-10-08T22:01:40.773Z" },
    { url = "https://files.pythonhosted.org/packages/92/04/a038d65dbe160c3aa5a624e93ad98111090f6804027d474ba9c37c8ae186/tomli-2.3.0-cp314-cp314t-musllinux_1_2_aarch64.whl", hash = "sha256:5e01decd096b1530d97d5d85cb4dff4af2d8347bd35686654a004f8dea20fc67", size = 272669, upload-time = "2025-10-08T22:01:41.824Z" },
    { url = "https://files.pythonhosted.org/packages/be/2f/8b7c60a9d1612a7cbc39ffcca4f21a73bf368a80fc25bccf8253e2563267/tomli-2.3.0-cp314-cp314t-musllinux_1_2_x86_64.whl", hash = "sha256:8a35dd0e643bb2610f156cca8db95d213a90015c11fee76c946aa62b7ae7e02f", size = 279709, upload-time = "2025-10-08T22:01:43.177Z" },
    { url = "https://files.pythonhosted.org/packages/7e/46/cc36c679f09f27ded940281c38607716c86cf8ba4a518d524e349c8b4874/tomli-2.3.0-cp314-cp314t-win32.whl", hash = "sha256:a1f7f282fe248311650081faafa5f4732bdbfef5d45fe3f2e702fbc6f2d496e0", size = 107563, upload-time = "2025-10-08T22:01:44.233Z" },
    { url = "https://files.pythonhosted.org/packages/84/ff/426ca8683cf7b753614480484f6437f568fd2fda2edbdf57a2d3d8b27a0b/tomli-2.3.0-cp314-cp314t-win_amd64.whl", hash = "sha256:70a251f8d4ba2d9ac2542eecf008b3c8a9fc5c3f9f02c56a9d7952612be2fdba", size = 119756, upload-time = "2025-10-08T22:01:45.234Z" },
    { url = "https://files.pythonhosted.org/packages/77/b8/0135fadc89e73be292b473cb820b4f5a08197779206b33191e801feeae40/tomli-2.3.0-py3-none-any.whl", hash = "sha256:e95b1af3c5b07d9e643909b5abbec77cd9f1217e6d0bca72b0234736b9fb1f1b", size = 14408, upload-time = "2025-10-08T22:01:46.04Z" },
]

[[package]]
name = "ty"
version = "0.0.63"
source = { registry = "https://pypi.org/simple" }
sdist = { url = "https://files.pythonhosted.org/packages/ba/ce/cbeaa5c7576fec643609dfbf200d59493523b1cc0481d4e7a5effcbf0630/ty-0.0.63.tar.gz", hash = "sha256:c2f66439393b3acac69306c117d4ae44638ce5fffa4a20c21046e85bd473359f", size = 6280695, upload-time = "2026-07-23T11:41:39.845Z" }
wheels = [
    { url = "https://files.pythonhosted.org/packages/1a/e4/d17a8e113ab15c692fe6fb9c422112d4bee7e829d80ced35826b45d98d98/ty-0.0.63-py3-none-linux_armv6l.whl", hash = "sha256:9a4ef7782e3af314fb63d006bec5ac3025bd70fee774b4dcfb5e44e8564f1994", size = 12056302, upload-time = "2026-07-23T11:41:03.5Z" },
    { url = "https://files.pythonhosted.org/packages/be/0b/357234c815dc4bfcc88c3f860aa0983fe4228c8aa2a5bb16c35ee08a94af/ty-0.0.63-py3-none-macosx_10_12_x86_64.whl", hash = "sha256:01eab0ab70d51ad10298aa2d4b058b387a1fe93e5ee52d2a1ee23e9c69ba8354", size = 11737674, upload-time = "2026-07-23T11:41:05.862Z" },
    { url = "https://files.pythonhosted.org/packages/1c/13/193d9aeeb6774690351cff9fafabd3ae9b54cc225d125e07fa004ce23bdc/ty-0.0.63-py3-none-macosx_11_0_arm64.whl", hash = "sha256:a671b61eaad16178389e05b9c108c9cb75ae8d84968fe55906484f55d6268338", size = 11264191, upload-time = "2026-07-23T11:41:07.963Z" },
    { url = "https://files.pythonhosted.org/packages/4f/b7/c5843e16759a2b25fc8a7197473474038e585ac9fdaa6fa16aeb6384bf6a/ty-0.0.63-py3-none-manylinux_2_17_aarch64.manylinux2014_aarch64.whl", hash = "sha256:b255cc83d95c51bb9ee4931303fdbece8cb1d6d7c655eb77a3f2c8f349fb64d6", size = 11818890, upload-time = "2026-07-23T11:41:09.885Z" },
    { url = "https://files.pythonhosted.org/packages/06/20/adf83ae1fc570d9bb449605e1eeeaa523ad2329ca838a636698b5c135d11/ty-0.0.63-py3-none-manylinux_2_17_armv7l.manylinux2014_armv7l.whl", hash = "sha256:0da1e8183aa4f893421a173904478021498f542ee41273660538da6649a9631c", size = 11853141, upload-time = "2026-07-23T11:41:12.151Z" },
    { url = "https://files.pythonhosted.org/packages/ea/90/f8effd846e3ee13486ea08257c13094d58b9f188c5641bf609d6a7d5c09f/ty-0.0.63-py3-none-manylinux_2_17_i686.manylinux2014_i686.whl", hash = "sha256:128f38eb5a67199e3811426386f7ec96f41251ddf45e04ddc0bcbb29d4853245", size = 12545184, upload-time = "2026-07-23T11:41:14.4Z" },
    { url = "https://files.pythonhosted.org/packages/b8/76/aac3a30d40431eb1d329acea016b248f5b6255e30ef3d28e19447e344be2/ty-0.0.63-py3-none-manylinux_2_17_ppc64le.manylinux2014_ppc64le.whl", hash = "sha256:bedf34aff8b0557f2a7119b314a68a9c9e58c1d21554d0e2748f2c5fe6a1f638", size = 13062375, upload-time = "2026-07-23T11:41:16.441Z" },
    { url = "https://files.pythonhosted.org/packages/62/3d/0158733932893e17f6008dadd74c8d7aed422fefc66e47fe77888014fe8c/ty-0.0.63-py3-none-manylinux_2_17_s390x.manylinux2014_s390x.whl", hash = "sha256:7328d63c34587606dce02935a25404f54cd0161bfe413b8f7fc21d174aead612", size = 12619461, upload-time = "2026-07-23T11:41:18.538Z" },
    { url = "https://files.pythonhosted.org/packages/f5/be/e280ad095b050778f16f493d49a073fa5f6d8f301d3e2e59be6a672ba05c/ty-0.0.63-py3-none-manylinux_2_17_x86_64.manylinux2014_x86_64.whl", hash = "sha256:504c4457f3a62afe836c1f26a2c9a12549299095f9cc4146778558df51a7515c", size = 12376402, upload-time = "2026-07-23T11:41:20.482Z" },
    { url = "https://files.pythonhosted.org/packages/57/57/619788bf335cb86b090470b557ae1eed33613dc24e12142505d32b462e58/ty-0.0.63-py3-none-manylinux_2_31_riscv64.whl", hash = "sha256:7394ed39424b027c89d5f0c818871c791e33958b88f5bb13e14bd4a12a3ca631", size = 12671377, upload-time = "2026-07-23T11:41:22.489Z" },
    { url = "https://files.pythonhosted.org/packages/07/a2/0aff2cdd3c98e2c4729337542b8da0ce1980790e1600e0c4a717a1f46293/ty-0.0.63-py3-none-musllinux_1_2_aarch64.whl", hash = "sha256:94c3f155230490f8fb505911655e940c630c25cc0c35a76690cb413254fb4437", size = 11768090, upload-time = "2026-07-23T11:41:24.558Z" },
    { url = "https://files.pythonhosted.org/packages/43/4a/cdb5f1d26154144dfee08e1bd671daf827238170f7cee9dad43990bb2016/ty-0.0.63-py3-none-musllinux_1_2_armv7l.whl", hash = "sha256:c16e1d8b4f0ae99106d5f13a894034a202baf6cdab61e2bb1a239de82904f839", size = 11867747, upload-time = "2026-07-23T11:41:26.794Z" },
    { url = "https://files.pythonhosted.org/packages/7e/26/ecc09ecb70bc9fbfdf42fa57ff29568f173e8200df575a0d72dc2b8486f9/ty-0.0.63-py3-none-musllinux_1_2_i686.whl", hash = "sha256:b66293dad89eaed4b9fbf3b661614dbeb85b59ba037178a3f9a0adedf264da5c", size = 12120000, upload-time = "2026-07-23T11:41:28.731Z" },
    { url = "https://files.pythonhosted.org/packages/14/07/862822f9c2c397785b69b25cf79b4dfc3c0d55684b9adf11ac194450f8e1/ty-0.0.63-py3-none-musllinux_1_2_x86_64.whl", hash = "sha256:8b29cc832e2ec73502c97dd7325d6ae0e085b34a33529a0f785192317d9862fc", size = 12477862, upload-time = "2026-07-23T11:41:30.847Z" },
    { url = "https://files.pythonhosted.org/packages/d0/c2/50b08b641578d6f48e8aa28a91d0de32c91aa24dd926ed199e8afd2d37ea/ty-0.0.63-py3-none-win32.whl", hash = "sha256:f0a8fbfd1f990c0c5d85cce018d438969ac79e49247e2192c9745394bb7d17ab", size = 11433155, upload-time = "2026-07-23T11:41:33.28Z" },
    { url = "https://files.pythonhosted.org/packages/92/2d/d422a5568f0d1f317186be22241288dc6e08b71dc24aca223f22038ac2d2/ty-0.0.63-py3-none-win_amd64.whl", hash = "sha256:2aa2370bdd6f42e9f37518c812379bef70b9162f9e5aad511495229b0b71cb93", size = 12450036, upload-time = "2026-07-23T11:41:35.559Z" },
    { url = "https://files.pythonhosted.org/packages/35/97/2c9748e28ead0650c7ad3e5f74f178832ceabd7cb5c272a882f29eb32ee4/ty-0.0.63-py3-none-win_arm64.whl", hash = "sha256:95ac1a62162c3c7ac204731e95ebf766d62a46a7bfa238a6acbe923fcb772cb1", size = 11826243, upload-time = "2026-07-23T11:41:37.749Z" },
]

[[package]]
name = "typing-extensions"
version = "4.15.0"
source = { registry = "https://pypi.org/simple" }
sdist = { url = "https://files.pythonhosted.org/packages/72/94/1a15dd82efb362ac84269196e94cf00f187f7ed21c242792a923cdb1c61f/typing_extensions-4.15.0.tar.gz", hash = "sha256:0cea48d173cc12fa28ecabc3b837ea3cf6f38c6d1136f85cbaaf598984861466", size = 109391, upload-time = "2025-08-25T13:49:26.313Z" }
wheels = [
    { url = "https://files.pythonhosted.org/packages/18/67/36e9267722cc04a6b9f15c7f3441c2363321a3ea07da7ae0c0707beb2a9c/typing_extensions-4.15.0-py3-none-any.whl", hash = "sha256:f0fa19c6845758ab08074a0cfa8b7aecb71c999ca73d62883bc25cc018c4e548", size = 44614, upload-time = "2025-08-25T13:49:24.86Z" },
]
