version = 1
revision = 3
requires-python = ">=3.10"

[[package]]
name = "colorama"
version = "0.4.6"
source = { registry = "https://pypi.org/simple" }
sdist = { url = "https://files.pythonhosted.org/packages/d8/53/6f443c9a4a8358a93a6792e2acffb9d9d5cb0a5cfd8802644b7b1c9a02e4/colorama-0.4.6.tar.gz", hash = "sha256:08695f5cb7ed6e0531a20572697297273c47b8cae5a63ffc6d6ed5c201be6e44", size = 27697, upload-time = "2022-10-25T02:36:22.414Z" }
wheels = [
    { url = "https://files.pythonhosted.org/packages/d1/d6/3965ed04c63042e047cb6a3e6ed1a63a35087b6a609aa3a15ed8ac56c221/colorama-0.4.6-py2.py3-none-any.whl", hash = "sha256:4f1d9991f5acc0ca119f9d443620b77f9d6b33703e51011c16baf57afb285fc6", size = 25335, upload-time = "2022-10-25T02:36:20.889Z" },
]

[[package]]
name = "exceptiongroup"
version = "1.3.0"
source = { registry = "https://pypi.org/simple" }
dependencies = [
    { name = "typing-extensions" },
]
sdist = { url = "https://files.pythonhosted.org/packages/0b/9f/a65090624ecf468cdca03533906e7c69ed7588582240cfe7cc9e770b50eb/exceptiongroup-1.3.0.tar.gz", hash = "sha256:b241f5885f560bc56a59ee63ca4c6a8bfa46ae4ad651af316d4e81817bb9fd88", size = 29749, upload-time = "2025-05-10T17:42:51.123Z" }
wheels = [
    { url = "https://files.pythonhosted.org/packages/36/f4/c6e662dade71f56cd2f3735141b265c3c79293c109549c1e6933b0651ffc/exceptiongroup-1.3.0-py3-none-any.whl", hash = "sha256:4d111e6e0c13d0644cad6ddaa7ed0261a0b36971f6d23e7ec9b4b9097da78a10", size = 16674, upload-time = "2025-05-10T17:42:49.33Z" },
]

[[package]]
name = "iniconfig"
version = "2.3.0"
source = { registry = "https://pypi.org/simple" }
sdist = { url = "https://files.pythonhosted.org/packages/72/34/14ca021ce8e5dfedc35312d08ba8bf51fdd999c576889fc2c24cb97f4f10/iniconfig-2.3.0.tar.gz", hash = "sha256:c76315c77db068650d49c5b56314774a7804df16fee4402c1f19d6d15d8c4730", size = 20503, upload-time = "2025-10-18T21:55:43.219Z" }
wheels = [
    { url = "https://files.pythonhosted.org/packages/cb/b1/3846dd7f199d53cb17f49cba7e651e9ce294d8497c8c150530ed11865bb8/iniconfig-2.3.0-py3-none-any.whl", hash = "sha256:f631c04d2c48c52b84d0d0549c99ff3859c98df65b3101406327ecc7d53fbf12", size = 7484, upload-time = "2025-10-18T21:55:41.639Z" },
]

[[package]]
name = "packaging"
version = "25.0"
source = { registry = "https://pypi.org/simple" }
sdist = { url = "https://files.pythonhosted.org/packages/a1/d4/1fc4078c65507b51b96ca8f8c3ba19e6a61c8253c72794544580a7b6c24d/packaging-25.0.tar.gz", hash = "sha256:d443872c98d677bf60f6a1f2f8c1cb748e8fe762d2bf9d3148b5599295b0fc4f", size = 165727, upload-time = "2025-04-19T11:48:59.673Z" }
wheels = [
    { url = "https://files.pythonhosted.org/packages/20/12/38679034af332785aac8774540895e234f4d07f7545804097de4b666afd8/packaging-25.0-py3-none-any.whl", hash = "sha256:29572ef2b1f17581046b3a2227d5c611fb25ec70ca1ba8554b24b0e69331a484", size = 66469, upload-time = "2025-04-19T11:48:57.875Z" },
]

[[package]]
name = "pluggy"
version = "1.6.0"
source = { registry = "https://pypi.org/simple" }
sdist = { url = "https://files.pythonhosted.org/packages/f9/e2/3e91f31a7d2b083fe6ef3fa267035b518369d9511ffab804f839851d2779/pluggy-1.6.0.tar.gz", hash = "sha256:7dcc130b76258d33b90f61b658791dede3486c3e6bfb003ee5c9bfb396dd22f3", size = 69412, upload-time = "2025-05-15T12:30:07.975Z" }
wheels = [
    { url = "https://files.pythonhosted.org/packages/54/20/4d324d65cc6d9205fabedc306948156824eb9f0ee1633355a8f7ec5c66bf/pluggy-1.6.0-py3-none-any.whl", hash = "sha256:e920276dd6813095e9377c0bc5566d94c932c33b27a3e3945d8389c374dd4746", size = 20538, upload-time = "2025-05-15T12:30:06.134Z" },
]

[[package]]
name = "pygments"
version = "2.20.0"
source = { registry = "https://pypi.org/simple" }
sdist = { url = "https://files.pythonhosted.org/packages/c3/b2/bc9c9196916376152d655522fdcebac55e66de6603a76a02bca1b6414f6c/pygments-2.20.0.tar.gz", hash = "sha256:6757cd03768053ff99f3039c1a36d6c0aa0b263438fcab17520b30a303a82b5f", size = 4955991, upload-time = "2026-03-29T13:29:33.898Z" }
wheels = [
    { url = "https://files.pythonhosted.org/packages/f4/7e/a72dd26f3b0f4f2bf1dd8923c85f7ceb43172af56d63c7383eb62b332364/pygments-2.20.0-py3-none-any.whl", hash = "sha256:81a9e26dd42fd28a23a2d169d86d7ac03b46e2f8b59ed4698fb4785f946d0176", size = 1231151, upload-time = "2026-03-29T13:29:30.038Z" },
]

[[package]]
name = "pytest"
version = "9.1.1"
source = { registry = "https://pypi.org/simple" }
dependencies = [
    { name = "colorama", marker = "sys_platform == 'win32'" },
    { name = "exceptiongroup", marker = "python_full_version < '3.11'" },
    { name = "iniconfig" },
    { name = "packaging" },
    { name = "pluggy" },
    { name = "pygments" },
    { name = "tomli", marker = "python_full_version < '3.11'" },
]
sdist = { url = "https://files.pythonhosted.org/packages/e4/47/b9efed96c114afcfa3c9d3fe98a76a1d14c74a9e266d397cf6eb64be5e01/pytest-9.1.1.tar.gz", hash = "sha256:1088fbde8f2b49d95a549a195707afa7a76a3ce9bcadc26b6d71f0ffda5fe313", size = 1636369, upload-time = "2026-06-19T10:58:32.857Z" }
wheels = [
    { url = "https://files.pythonhosted.org/packages/24/25/1de2678b631f5a49215c6c96fff41ba892b0a34df68d6d80292b1b48aa7f/pytest-9.1.1-py3-none-any.whl", hash = "sha256:37a86b45efb9a47a61a36449063e8e18d0cab3161329fc099eb21783169c4f0c", size = 386536, upload-time = "2026-06-19T10:58:31.347Z" },
]

[[package]]
name = "python-project-template"
version = "0.1.0"
source = { editable = "." }

[package.dev-dependencies]
dev = [
    { name = "pytest" },
    { name = "ruff" },
    { name = "ty" },
]

[package.metadata]

[package.metadata.requires-dev]
dev = [
    { name = "pytest", specifier = ">=9.1.1" },
    { name = "ruff", specifier = ">=0.16.1" },
    { name = "ty", specifier = ">=0.0.65" },
]

[[package]]
name = "ruff"
version = "0.16.1"
source = { registry = "https://pypi.org/simple" }
sdist = { url = "https://files.pythonhosted.org/packages/70/25/7113f6d5498888c5fb7db34081cba7d5971c4cb1bfb26819966eee68f003/ruff-0.16.1.tar.gz", hash = "sha256:fedad7c801dabd3fb9741d76aca39246e6ddd9ca446a015875207bf19f1e6bc7", size = 4877500, upload-time = "2026-07-30T19:37:01.379Z" }
wheels = [
    { url = "https://files.pythonhosted.org/packages/1b/bd/694da69368e0973de65df2ddc73ab18d43c469d5963d9b150911de6bc513/ruff-0.16.1-py3-none-linux_armv6l.whl", hash = "sha256:58edb313b88f0c5460a26adf5f39a37a3be789494a15e3e411e35fa78b89f9a0", size = 10839126, upload-time = "2026-07-30T19:36:13.697Z" },
    { url = "https://files.pythonhosted.org/packages/3f/f0/b626e5d5bd0dd9576263658ef12885e2288afd1029a48e26ffed65ec1ac1/ruff-0.16.1-py3-none-macosx_10_12_x86_64.whl", hash = "sha256:fde5a99e2f97479af66edd6622c6d5a2a7592c77cf4153d9e4428f5eeb55b60c", size = 11070253, upload-time = "2026-07-30T19:36:17.14Z" },
    { url = "https://files.pythonhosted.org/packages/83/63/f40acfb6b35b88623e71684942b552c3edd96035f5d98f313815f7b277de/ruff-0.16.1-py3-none-macosx_11_0_arm64.whl", hash = "sha256:e0d4c20532fca4f7fa609369161d968dd28f65d83dabbd61d8e9c7edbf7001f6", size = 10561425, upload-time = "2026-07-30T19:36:20.04Z" },
    { url = "https://files.pythonhosted.org/packages/aa/dd/14ec0e9c2b4d315547dd38765004b4863e354e1b52cb308272215d9f6f6d/ruff-0.16.1-py3-none-manylinux_2_17_aarch64.manylinux2014_aarch64.whl", hash = "sha256:30affbcedf59ad5703d9c91f82266e02b47739f797e1a7b6e158e5526a6dae38", size = 10948879, upload-time = "2026-07-30T19:36:22.476Z" },
    { url = "https://files.pythonhosted.org/packages/33/e9/9d870cbae575030fdef595f04b4b97573c525b5497cce4f4498cf2f85446/ruff-0.16.1-py3-none-manylinux_2_17_armv7l.manylinux2014_armv7l.whl", hash = "sha256:24e9c631573cbca9d20f1283f8f479b2afa4a8503504822bd71a293889f16743", size = 10643691, upload-time = "2026-07-30T19:36:24.914Z" },
    { url = "https://files.pythonhosted.org/packages/c4/09/12743d544e2173f53ecd27217c65f90d2bc0f8424a66a60339e56bbc0457/ruff-0.16.1-py3-none-manylinux_2_17_i686.manylinux2014_i686.whl", hash = "sha256:b41bdd48fb420987a9b5212e4957c26ad4abce401fa9ea9d4d85843727945f4f", size = 11435354, upload-time = "2026-07-30T19:36:28.447Z" },
    { url = "https://files.pythonhosted.org/packages/7f/89/a1652b2daee52083c9554a6333b678a8b01d0400f976827bb87857f9449a/ruff-0.16.1-py3-none-manylinux_2_17_ppc64le.manylinux2014_ppc64le.whl", hash = "sha256:b0d1e1393b7648079e13669de1c1f4fde06d4583e84d8fd5c1551e0a77a2aa75", size = 12259033, upload-time = "2026-07-30T19:36:31.326Z" },
    { url = "https://files.pythonhosted.org/packages/16/96/ecdcb8c54ee7b123b487f807eb014e6e019155a0b81dfb669acd52f28ce3/ruff-0.16.1-py3-none-manylinux_2_17_s390x.manylinux2014_s390x.whl", hash = "sha256:07bf434b1c95f4e093be4532068ef4fcf00924eb2ade8796075980902d6fd54a", size = 11667981, upload-time = "2026-07-30T19:36:34.394Z" },
    { url = "https://files.pythonhosted.org/packages/cd/90/c52e12e0d862e9572f2a33aa227409143520abe53111e9a6babbac7b4af8/ruff-0.16.1-py3-none-manylinux_2_17_x86_64.manylinux2014_x86_64.whl", hash = "sha256:39897739f112253ee4fdd2e8aa9a4f9ded99fb2be367d5f31dfa4ded6025584c", size = 11468183, upload-time = "2026-07-30T19:36:37.339Z" },
    { url = "https://files.pythonhosted.org/packages/2c/6b/4ffb7ad1d83eb16cf8cbb3c8815d3f11c88460fd162d4b372a2059be1c2a/ruff-0.16.1-py3-none-manylinux_2_31_riscv64.whl", hash = "sha256:82ae3c0c0d74daf17b968a10b7b3bb3ef297ab7de0c1f749646b25e690ccb150", size = 11470071, upload-time = "2026-07-30T19:36:39.91Z" },
    { url = "https://files.pythonhosted.org/packages/9c/72/32ae7db4c0b5e32ab611787caa19d1546800676d79f7483b7100a3561bf4/ruff-0.16.1-py3-none-musllinux_1_2_aarch64.whl", hash = "sha256:4d5f2ed10f8242d83fc08d521301089364e3375375705356f20c0e31606ef3ef", size = 10919503, upload-time = "2026-07-30T19:36:42.65Z" },
    { url = "https://files.pythonhosted.org/packages/f7/ca/3d901ba6ad6fc38da39c3448fc6c59ac945679293a17c3ceb6d6c1cba13e/ruff-0.16.1-py3-none-musllinux_1_2_armv7l.whl", hash = "sha256:a4665b309891f83f3e3c25447935f1213e9abbd4b5640af7a1f2def9f8d413c1", size = 10649861, upload-time = "2026-07-30T19:36:45.18Z" },
    { url = "https://files.pythonhosted.org/packages/92/79/894ef1ced26552d5f8c9cf6d85b0687840e1128c55aeab7b9c2d54a0d880/ruff-0.16.1-py3-none-musllinux_1_2_i686.whl", hash = "sha256:26e9ca5c9bc3971f20d3cf18a957f52ffd6a5f6564ff15c4912a144dcac22494", size = 11148137, upload-time = "2026-07-30T19:36:47.936Z" },
    { url = "https://files.pythonhosted.org/packages/2d/69/3609a09fa1cb46cc28b762363e440a354204e5dff01bd0c8d7437874d6b9/ruff-0.16.1-py3-none-musllinux_1_2_x86_64.whl", hash = "sha256:67e1e1e3fa4f0c82f0e36d4cd61e661f6e7a6196cb1aa92fe0828fa7b8f257cd", size = 11559211, upload-time = "2026-07-30T19:36:50.448Z" },
    { url = "https://files.pythonhosted.org/packages/fc/8a/fb22af2fd78a736e241fabf67e30ce1799a64244026377a49e133af90762/ruff-0.16.1-py3-none-win32.whl", hash = "sha256:d31765e131295b8445caf301e3e8a85b34d1b9b211b4109b7ba457888b051806", size = 10838258, upload-time = "2026-07-30T19:36:53.298Z" },
    { url = "https://files.pythonhosted.org/packages/d4/35/e57fd9fb5d423961df087a00b12d42c0a830288dc2f3b45ecca299158b4f/ruff-0.16.1-py3-none-win_amd64.whl", hash = "sha256:09b05e8b90c2cb06ad63464350e7a45e8e44a2dfe52072ebfba6666ca8d3f596", size = 11961111, upload-time = "2026-07-30T19:36:56.107Z" },
    { url = "https://files.pythonhosted.org/packages/cb/46/240ea004bf6dc4feb40e9832f2205a476a47dd5b8a3f8211a5fc5f95e20e/ruff-0.16.1-py3-none-win_arm64.whl", hash = "sha256:dbaadaac38c70239f056d306b7476f246b0bf000fa6b3876402acbf5b227eaf8", size = 11309414, upload-time = "2026-07-30T19:36:58.79Z" },
]

[[package]]
name = "tomli"
version = "2.3.0"
source = { registry = "https://pypi.org/simple" }
sdist = { url = "https://files.pythonhosted.org/packages/52/ed/3f73f72945444548f33eba9a87fc7a6e969915e7b1acc8260b30e1f76a2f/tomli-2.3.0.tar.gz", hash = "sha256:64be704a875d2a59753d80ee8a533c3fe183e3f06807ff7dc2232938ccb01549", size = 17392, upload-time = "2025-10-08T22:01:47.119Z" }
wheels = [
    { url = "https://files.pythonhosted.org/packages/b3/2e/299f62b401438d5fe1624119c723f5d877acc86a4c2492da405626665f12/tomli-2.3.0-cp311-cp311-macosx_10_9_x86_64.whl", hash = "sha256:88bd15eb972f3664f5ed4b57c1634a97153b4bac4479dcb6a495f41921eb7f45", size = 153236, upload-time = "2025-10-08T22:01:00.137Z" },
    { url = "https://files.pythonhosted.org/packages/86/7f/d8fffe6a7aefdb61bced88fcb5e280cfd71e08939da5894161bd71bea022/tomli-2.3.0-cp311-cp311-macosx_11_0_arm64.whl", hash = "sha256:883b1c0d6398a6a9d29b508c331fa56adbcdff647f6ace4dfca0f50e90dfd0ba", size = 148084, upload-time = "2025-10-08T22:01:01.63Z" },
    { url = "https://files.pythonhosted.org/packages/47/5c/24935fb6a2ee63e86d80e4d3b58b222dafaf438c416752c8b58537c8b89a/tomli-2.3.0-cp311-cp311-manylinux2014_aarch64.manylinux_2_17_aarch64.manylinux_2_28_aarch64.whl", hash = "sha256:d1381caf13ab9f300e30dd8feadb3de072aeb86f1d34a8569453ff32a7dea4bf", size = 234832, upload-time = "2025-10-08T22:01:02.543Z" },
    { url = "https://files.pythonhosted.org/packages/89/da/75dfd804fc11e6612846758a23f13271b76d577e299592b4371a4ca4cd09/tomli-2.3.0-cp311-cp311-manylinux2014_x86_64.manylinux_2_17_x86_64.manylinux_2_28_x86_64.whl", hash = "sha256:a0e285d2649b78c0d9027570d4da3425bdb49830a6156121360b3f8511ea3441", size = 242052, upload-time = "2025-10-08T22:01:03.836Z" },
    { url = "https://files.pythonhosted.org/packages/70/8c/f48ac899f7b3ca7eb13af73bacbc93aec37f9c954df3c08ad96991c8c373/tomli-2.3.0-cp311-cp311-musllinux_1_2_aarch64.whl", hash = "sha256:0a154a9ae14bfcf5d8917a59b51ffd5a3ac1fd149b71b47a3a104ca4edcfa845", size = 239555, upload-time = "2025-10-08T22:01:04.834Z" },
    { url = "https://files.pythonhosted.org/packages/ba/28/72f8afd73f1d0e7829bfc093f4cb98ce0a40ffc0cc997009ee1ed94ba705/tomli-2.3.0-cp311-cp311-musllinux_1_2_x86_64.whl", hash = "sha256:74bf8464ff93e413514fefd2be591c3b0b23231a77f901db1eb30d6f712fc42c", size = 245128, upload-time = "2025-10-08T22:01:05.84Z" },
    { url = "https://files.pythonhosted.org/packages/b6/eb/a7679c8ac85208706d27436e8d421dfa39d4c914dcf5fa8083a9305f58d9/tomli-2.3.0-cp311-cp311-win32.whl", hash = "sha256:00b5f5d95bbfc7d12f91ad8c593a1659b6387b43f054104cda404be6bda62456", size = 96445, upload-time = "2025-10-08T22:01:06.896Z" },
    { url = "https://files.pythonhosted.org/packages/0a/fe/3d3420c4cb1ad9cb462fb52967080575f15898da97e21cb6f1361d505383/tomli-2.3.0-cp311-cp311-win_amd64.whl", hash = "sha256:4dc4ce8483a5d429ab602f111a93a6ab1ed425eae3122032db7e9acf449451be", size = 107165, upload-time = "2025-10-08T22:01:08.107Z" },
    { url = "https://files.pythonhosted.org/packages/ff/b7/40f36368fcabc518bb11c8f06379a0fd631985046c038aca08c6d6a43c6e/tomli-2.3.0-cp312-cp312-macosx_10_13_x86_64.whl", hash = "sha256:d7d86942e56ded512a594786a5ba0a5e521d02529b3826e7761a05138341a2ac", size = 154891, upload-time = "2025-10-08T22:01:09.082Z" },
    { url = "https://files.pythonhosted.org/packages/f9/3f/d9dd692199e3b3aab2e4e4dd948abd0f790d9ded8cd10cbaae276a898434/tomli-2.3.0-cp312-cp312-macosx_11_0_arm64.whl", hash = "sha256:73ee0b47d4dad1c5e996e3cd33b8a76a50167ae5f96a2607cbe8cc773506ab22", size = 148796, upload-time = "2025-10-08T22:01:10.266Z" },
    { url = "https://files.pythonhosted.org/packages/60/83/59bff4996c2cf9f9387a0f5a3394629c7efa5ef16142076a23a90f1955fa/tomli-2.3.0-cp312-cp312-manylinux2014_aarch64.manylinux_2_17_aarch64.manylinux_2_28_aarch64.whl", hash = "sha256:792262b94d5d0a466afb5bc63c7daa9d75520110971ee269152083270998316f", size = 242121, upload-time = "2025-10-08T22:01:11.332Z" },
    { url = "https://files.pythonhosted.org/packages/45/e5/7c5119ff39de8693d6baab6c0b6dcb556d192c165596e9fc231ea1052041/tomli-2.3.0-cp312-cp312-manylinux2014_x86_64.manylinux_2_17_x86_64.manylinux_2_28_x86_64.whl", hash = "sha256:4f195fe57ecceac95a66a75ac24d9d5fbc98ef0962e09b2eddec5d39375aae52", size = 250070, upload-time = "2025-10-08T22:01:12.498Z" },
    { url = "https://files.pythonhosted.org/packages/45/12/ad5126d3a278f27e6701abde51d342aa78d06e27ce2bb596a01f7709a5a2/tomli-2.3.0-cp312-cp312-musllinux_1_2_aarch64.whl", hash = "sha256:e31d432427dcbf4d86958c184b9bfd1e96b5b71f8eb17e6d02531f434fd335b8", size = 245859, upload-time = "2025-10-08T22:01:13.551Z" },
    { url = "https://files.pythonhosted.org/packages/fb/a1/4d6865da6a71c603cfe6ad0e6556c73c76548557a8d658f9e3b142df245f/tomli-2.3.0-cp312-cp312-musllinux_1_2_x86_64.whl", hash = "sha256:7b0882799624980785240ab732537fcfc372601015c00f7fc367c55308c186f6", size = 250296, upload-time = "2025-10-08T22:01:14.614Z" },
    { url = "https://files.pythonhosted.org/packages/a0/b7/a7a7042715d55c9ba6e8b196d65d2cb662578b4d8cd17d882d45322b0d78/tomli-2.3.0-cp312-cp312-win32.whl", hash = "sha256:ff72b71b5d10d22ecb084d345fc26f42b5143c5533db5e2eaba7d2d335358876", size = 97124, upload-time = "2025-10-08T22:01:15.629Z" },
    { url = "https://files.pythonhosted.org/packages/06/1e/f22f100db15a68b520664eb3328fb0ae4e90530887928558112c8d1f4515/tomli-2.3.0-cp312-cp312-win_amd64.whl", hash = "sha256:1cb4ed918939151a03f33d4242ccd0aa5f11b3547d0cf30f7c74a408a5b99878", size = 107698, upload-time = "2025-10-08T22:01:16.51Z" },
    { url = "https://files.pythonhosted.org/packages/89/48/06ee6eabe4fdd9ecd48bf488f4ac783844fd777f547b8d1b61c11939974e/tomli-2.3.0-cp313-cp313-macosx_10_13_x86_64.whl", hash = "sha256:5192f562738228945d7b13d4930baffda67b69425a7f0da96d360b0a3888136b", size = 154819, upload-time = "2025-10-08T22:01:17.964Z" },
    { url = "https://files.pythonhosted.org/packages/f1/01/88793757d54d8937015c75dcdfb673c65471945f6be98e6a0410fba167ed/tomli-2.3.0-cp313-cp313-macosx_11_0_arm64.whl", hash = "sha256:be71c93a63d738597996be9528f4abe628d1adf5e6eb11607bc8fe1a510b5dae", size = 148766, upload-time = "2025-10-08T22:01:18.959Z" },
    { url = "https://files.pythonhosted.org/packages/42/17/5e2c956f0144b812e7e107f94f1cc54af734eb17b5191c0bbfb72de5e93e/tomli-2.3.0-cp313-cp313-manylinux2014_aarch64.manylinux_2_17_aarch64.manylinux_2_28_aarch64.whl", hash = "sha256:c4665508bcbac83a31ff8ab08f424b665200c0e1e645d2bd9ab3d3e557b6185b", size = 240771, upload-time = "2025-10-08T22:01:20.106Z" },
    { url = "https://files.pythonhosted.org/packages/d5/f4/0fbd014909748706c01d16824eadb0307115f9562a15cbb012cd9b3512c5/tomli-2.3.0-cp313-cp313-manylinux2014_x86_64.manylinux_2_17_x86_64.manylinux_2_28_x86_64.whl", hash = "sha256:4021923f97266babc6ccab9f5068642a0095faa0a51a246a6a02fccbb3514eaf", size = 248586, upload-time = "2025-10-08T22:01:21.164Z" },
    { url = "https://files.pythonhosted.org/packages/30/77/fed85e114bde5e81ecf9bc5da0cc69f2914b38f4708c80ae67d0c10180c5/tomli-2.3.0-cp313-cp313-musllinux_1_2_aarch64.whl", hash = "sha256:a4ea38c40145a357d513bffad0ed869f13c1773716cf71ccaa83b0fa0cc4e42f", size = 244792, upload-time = "2025-10-08T22:01:22.417Z" },
    { url = "https://files.pythonhosted.org/packages/55/92/afed3d497f7c186dc71e6ee6d4fcb0acfa5f7d0a1a2878f8beae379ae0cc/tomli-2.3.0-cp313-cp313-musllinux_1_2_x86_64.whl", hash = "sha256:ad805ea85eda330dbad64c7ea7a4556259665bdf9d2672f5dccc740eb9d3ca05", size = 248909, upload-time = "2025-10-08T22:01:23.859Z" },
    { url = "https://files.pythonhosted.org/packages/f8/84/ef50c51b5a9472e7265ce1ffc7f24cd4023d289e109f669bdb1553f6a7c2/tomli-2.3.0-cp313-cp313-win32.whl", hash = "sha256:97d5eec30149fd3294270e889b4234023f2c69747e555a27bd708828353ab606", size = 96946, upload-time = "2025-10-08T22:01:24.893Z" },
    { url = "https://files.pythonhosted.org/packages/b2/b7/718cd1da0884f281f95ccfa3a6cc572d30053cba64603f79d431d3c9b61b/tomli-2.3.0-cp313-cp313-win_amd64.whl", hash = "sha256:0c95ca56fbe89e065c6ead5b593ee64b84a26fca063b5d71a1122bf26e533999", size = 107705, upload-time = "2025-10-08T22:01:26.153Z" },
    { url = "https://files.pythonhosted.org/packages/19/94/aeafa14a52e16163008060506fcb6aa1949d13548d13752171a755c65611/tomli-2.3.0-cp314-cp314-macosx_10_13_x86_64.whl", hash = "sha256:cebc6fe843e0733ee827a282aca4999b596241195f43b4cc371d64fc6639da9e", size = 154244, upload-time = "2025-10-08T22:01:27.06Z" },
    { url = "https://files.pythonhosted.org/packages/db/e4/1e58409aa78eefa47ccd19779fc6f36787edbe7d4cd330eeeedb33a4515b/tomli-2.3.0-cp314-cp314-macosx_11_0_arm64.whl", hash = "sha256:4c2ef0244c75aba9355561272009d934953817c49f47d768070c3c94355c2aa3", size = 148637, upload-time = "2025-10-08T22:01:28.059Z" },
    { url = "https://files.pythonhosted.org/packages/26/b6/d1eccb62f665e44359226811064596dd6a366ea1f985839c566cd61525ae/tomli-2.3.0-cp314-cp314-manylinux2014_aarch64.manylinux_2_17_aarch64.manylinux_2_28_aarch64.whl", hash = "sha256:c22a8bf253bacc0cf11f35ad9808b6cb75ada2631c2d97c971122583b129afbc", size = 241925, upload-time = "2025-10-08T22:01:29.066Z" },
    { url = "https://files.pythonhosted.org/packages/70/91/7cdab9a03e6d3d2bb11beae108da5bdc1c34bdeb06e21163482544ddcc90/tomli-2.3.0-cp314-cp314-manylinux2014_x86_64.manylinux_2_17_x86_64.manylinux_2_28_x86_64.whl", hash = "sha256:0eea8cc5c5e9f89c9b90c4896a8deefc74f518db5927d0e0e8d4a80953d774d0", size = 249045, upload-time = "2025-10-08T22:01:31.98Z" },
    { url = "https://files.pythonhosted.org/packages/15/1b/8c26874ed1f6e4f1fcfeb868db8a794cbe9f227299402db58cfcc858766c/tomli-2.3.0-cp314-cp314-musllinux_1_2_aarch64.whl", hash = "sha256:b74a0e59ec5d15127acdabd75ea17726ac4c5178ae51b85bfe39c4f8a278e879", size = 245835, upload-time = "2025-10-08T22:01:32.989Z" },
    { url = "https://files.pythonhosted.org/packages/fd/42/8e3c6a9a4b1a1360c1a2a39f0b972cef2cc9ebd56025168c4137192a9321/tomli-2.3.0-cp314-cp314-musllinux_1_2_x86_64.whl", hash = "sha256:b5870b50c9db823c595983571d1296a6ff3e1b88f734a4c8f6fc6188397de005", size = 253109, upload-time = "2025-10-08T22:01:34.052Z" },
    { url = "https://files.pythonhosted.org/packages/22/0c/b4da635000a71b5f80130937eeac12e686eefb376b8dee113b4a582bba42/tomli-2.3.0-cp314-cp314-win32.whl", hash = "sha256:feb0dacc61170ed7ab602d3d972a58f14ee3ee60494292d384649a3dc38ef463", size = 97930, upload-time = "2025-10-08T22:01:35.082Z" },
    { url = "https://files.pythonhosted.org/packages/b9/74/cb1abc870a418ae99cd5c9547d6bce30701a954e0e721821df483ef7223c/tomli-2.3.0-cp314-cp314-win_amd64.whl", hash = "sha256:b273fcbd7fc64dc3600c098e39136522650c49bca95df2d11cf3b626422392c8", size = 107964, upload-time = "2025-10-08T22:01:36.057Z" },
    { url = "https://files.pythonhosted.org/packages/54/78/5c46fff6432a712af9f792944f4fcd7067d8823157949f4e40c56b8b3c83/tomli-2.3.0-cp314-cp314t-macosx_10_13_x86_64.whl", hash = "sha256:940d56ee0410fa17ee1f12b817b37a4d4e4dc4d27340863cc67236c74f582e77", size = 163065, upload-time = "2025-10-08T22:01:37.27Z" },
    { url = "https://files.pythonhosted.org/packages/39/67/f85d9bd23182f45eca8939cd2bc7050e1f90c41f4a2ecbbd5963a1d1c486/tomli-2.3.0-cp314-cp314t-macosx_11_0_arm64.whl", hash = "sha256:f85209946d1fe94416debbb88d00eb92ce9cd5266775424ff81bc959e001acaf", size = 159088, upload-time = "2025-10-08T22:01:38.235Z" },
    { url = "https://files.pythonhosted.org/packages/26/5a/4b546a0405b9cc0659b399f12b6adb750757baf04250b148d3c5059fc4eb/tomli-2.3.0-cp314-cp314t-manylinux2014_aarch64.manylinux_2_17_aarch64.manylinux_2_28_aarch64.whl", hash = "sha256:a56212bdcce682e56b0aaf79e869ba5d15a6163f88d5451cbde388d48b13f530", size = 268193, upload-time = "2025-10-08T22:01:39.712Z" },
    { url = "https://files.pythonhosted.org/packages/42/4f/2c12a72ae22cf7b59a7fe75b3465b7aba40ea9145d026ba41cb382075b0e/tomli-2.3.0-cp314-cp314t-manylinux2014_x86_64.manylinux_2_17_x86_64.manylinux_2_28_x86_64.whl", hash = "sha256:c5f3ffd1e098dfc032d4d3af5c0ac64f6d286d98bc148698356847b80fa4de1b", size = 275488, upload-time = "2025-10-08T22:01:40.773Z" },
    { url = "https://files.pythonhosted.org/packages/92/04/a038d65dbe160c3aa5a624e93ad98111090f6804027d474ba9c37c8ae186/tomli-2.3.0-cp314-cp314t-musllinux_1_2_aarch64.whl", hash = "sha256:5e01decd096b1530d97d5d85cb4dff4af2d8347bd35686654a004f8dea20fc67", size = 272669, upload-time = "2025-10-08T22:01:41.824Z" },
    { url = "https://files.pythonhosted.org/packages/be/2f/8b7c60a9d1612a7cbc39ffcca4f21a73bf368a80fc25bccf8253e2563267/tomli-2.3.0-cp314-cp314t-musllinux_1_2_x86_64.whl", hash = "sha256:8a35dd0e643bb2610f156cca8db95d213a90015c11fee76c946aa62b7ae7e02f", size = 279709, upload-time = "2025-10-08T22:01:43.177Z" },
    { url = "https://files.pythonhosted.org/packages/7e/46/cc36c679f09f27ded940281c38607716c86cf8ba4a518d524e349c8b4874/tomli-2.3.0-cp314-cp314t-win32.whl", hash = "sha256:a1f7f282fe248311650081faafa5f4732bdbfef5d45fe3f2e702fbc6f2d496e0", size = 107563, upload-time = "2025-10-08T22:01:44.233Z" },
    { url = "https://files.pythonhosted.org/packages/84/ff/426ca8683cf7b753614480484f6437f568fd2fda2edbdf57a2d3d8b27a0b/tomli-2.3.0-cp314-cp314t-win_amd64.whl", hash = "sha256:70a251f8d4ba2d9ac2542eecf008b3c8a9fc5c3f9f02c56a9d7952612be2fdba", size = 119756, upload-time = "2025-10-08T22:01:45.234Z" },
    { url = "https://files.pythonhosted.org/packages/77/b8/0135fadc89e73be292b473cb820b4f5a08197779206b33191e801feeae40/tomli-2.3.0-py3-none-any.whl", hash = "sha256:e95b1af3c5b07d9e643909b5abbec77cd9f1217e6d0bca72b0234736b9fb1f1b", size = 14408, upload-time = "2025-10-08T22:01:46.04Z" },
]

[[package]]
name = "ty"
version = "0.0.65"
source = { registry = "https://pypi.org/simple" }
sdist = { url = "https://files.pythonhosted.org/packages/d6/54/cf561927e8e9ab5c1892a833b664aa9cd6f051a75f6280c66d8047246bda/ty-0.0.65.tar.gz", hash = "sha256:b7134bffcc00b715fa8291e84d845782ced810a998dc1f7f11d71c85c4046325", size = 6460098, upload-time = "2026-07-29T18:31:03.27Z" }
wheels = [
    { url = "https://files.pythonhosted.org/packages/7b/4e/71e2d325d2b53a1afad81624ad076b2ede413213fc4a18cb05b78c568571/ty-0.0.65-py3-none-linux_armv6l.whl", hash = "sha256:dc556c9f05408bef4c4ef02b2cc382e4e5f797b4b20d64410289848f0d76705f", size = 12298466, upload-time = "2026-07-29T18:30:12.744Z" },
    { url = "https://files.pythonhosted.org/packages/57/77/fec8f29647c55794efa430a7f365e44f5ce7ffb6459d9445a87fac569bec/ty-0.0.65-py3-none-macosx_10_12_x86_64.whl", hash = "sha256:29d2e0d34cc0a28a17ef0cf81135c5ebabc3562131f9079138ba5e7bae0f56bd", size = 11942421, upload-time = "2026-07-29T18:30:16.076Z" },
    { url = "https://files.pythonhosted.org/packages/13/09/7f3766aef9dc627e2698cf4e3e59cf53389dcae3812040d33c1aa931230f/ty-0.0.65-py3-none-macosx_11_0_arm64.whl", hash = "sha256:685f49a9312bbf69d5b65bbb66384fed1f927403ea030c217b9289092d7e46c4", size = 11451922, upload-time = "2026-07-29T18:30:19.155Z" },
    { url = "https://files.pythonhosted.org/packages/cb/7b/1a77cd50e0befb50f55b8bf9bd3ed3eddf184bf28c61b56727039e0774fc/ty-0.0.65-py3-none-manylinux_2_17_aarch64.manylinux2014_aarch64.whl", hash = "sha256:6f564b5ebe78e2f3a8e7b8eacb1292eb88b7c0f3c8630671cfca31abc0709cd9", size = 11994999, upload-time = "2026-07-29T18:30:22.315Z" },
    { url = "https://files.pythonhosted.org/packages/63/7b/feda16f3a4a0a99be27431e0c9598eeeec0db1eb2fec9a15976698209418/ty-0.0.65-py3-none-manylinux_2_17_armv7l.manylinux2014_armv7l.whl", hash = "sha256:c983e156fe9e113fb56389e13d327b6b8549fe866de9b269684723a88e9b732d", size = 12090662, upload-time = "2026-07-29T18:30:24.93Z" },
    { url = "https://files.pythonhosted.org/packages/ed/3e/3f69bf9c9307dbdc0771719f65ce5b556e7bdeeaccbdd599d4f57866d801/ty-0.0.65-py3-none-manylinux_2_17_i686.manylinux2014_i686.whl", hash = "sha256:e3663b7396e8b1a9954e20e732de7ccb0192bf4118473069b4945920d6923921", size = 12822094, upload-time = "2026-07-29T18:30:28.012Z" },
    { url = "https://files.pythonhosted.org/packages/90/38/8fa791b3bb503ee2b46ad81690cd1bdd54519582df6d805cee57fe143e85/ty-0.0.65-py3-none-manylinux_2_17_ppc64le.manylinux2014_ppc64le.whl", hash = "sha256:306ed01f29d6e108e98feb233dbbf5878a027603b71bd3743b343977933a9f16", size = 13357833, upload-time = "2026-07-29T18:30:31.122Z" },
    { url = "https://files.pythonhosted.org/packages/c1/73/4dda396a201e1dd0ed3594a9b48e559cb41c4bc048c6cd4c4d1b39eb4313/ty-0.0.65-py3-none-manylinux_2_17_s390x.manylinux2014_s390x.whl", hash = "sha256:28bcfc8898c94f079a9100e684bcf312b6a64ad3a7d4ebb35a4591546030a2cd", size = 12977303, upload-time = "2026-07-29T18:30:33.944Z" },
    { url = "https://files.pythonhosted.org/packages/a5/26/c250c2c569adc53a8591716641388397bcb2a442e4a30b952ae81b50c0e0/ty-0.0.65-py3-none-manylinux_2_17_x86_64.manylinux2014_x86_64.whl", hash = "sha256:5a75bd0c245c38802a8f488378e74f92feb7dd33db7d63fbdd6fdf82791ba730", size = 12579338, upload-time = "2026-07-29T18:30:37.199Z" },
    { url = "https://files.pythonhosted.org/packages/d3/94/4a5647d44753ca218fc930d7e4d9bf468d0ed4a0ad4b3d57588bc1bbacf7/ty-0.0.65-py3-none-manylinux_2_31_riscv64.whl", hash = "sha256:9e5e1bdea9662d2b5312b4e99f319f4e6e2ea427511b5fbc546141b79ec53f76", size = 12957731, upload-time = "2026-07-29T18:30:39.937Z" },
    { url = "https://files.pythonhosted.org/packages/36/b6/1e22fa11a1e0dfb20b1c7f3cbfd8170273aada2a82f9ecd3055275370c44/ty-0.0.65-py3-none-musllinux_1_2_aarch64.whl", hash = "sha256:03a88493d4842889f65280ae241e06b399d57eb3c63571054cad21a4c33b3b69", size = 11938625, upload-time = "2026-07-29T18:30:42.603Z" },
    { url = "https://files.pythonhosted.org/packages/5c/0a/fe5f22ef62b193201bc5566762e22049762cd485bfafb5095a7050760054/ty-0.0.65-py3-none-musllinux_1_2_armv7l.whl", hash = "sha256:600b8bf6f4940cf7ffb2f43d3716faaf38dcb97cd8617c55771451bc0276408f", size = 12105592, upload-time = "2026-07-29T18:30:45.419Z" },
    { url = "https://files.pythonhosted.org/packages/76/fd/922b3a6e9d697452cdbb4b7e3f636868add5ec652154518a736e4364f3b7/ty-0.0.65-py3-none-musllinux_1_2_i686.whl", hash = "sha256:0c28007bc79d648c1ddaf1e65885d07baec48eb87240da442f608e4107c1b7d8", size = 12387335, upload-time = "2026-07-29T18:30:48.405Z" },
    { url = "https://files.pythonhosted.org/packages/77/22/a1a08ebc84c083db2fb55e3b5cd186db0c067692f4921146f601360231e2/ty-0.0.65-py3-none-musllinux_1_2_x86_64.whl", hash = "sha256:c852da96091ad22361e6586b7c7ba98e1334dcd4d8ffb67e47f4fb673de33f77", size = 12682710, upload-time = "2026-07-29T18:30:51.364Z" },
    { url = "https://files.pythonhosted.org/packages/81/14/eaaa410a25bbdea19722109b5422380a0e211b3afcf3071d15953ddbd5db/ty-0.0.65-py3-none-win32.whl", hash = "sha256:cf529d538f1403b14b0511e6ec3cdb95d3d974adabf24cc76cedc533368c3edc", size = 11692341, upload-time = "2026-07-29T18:30:54.35Z" },
    { url = "https://files.pythonhosted.org/packages/bc/0f/6d48f206dce9d7e53fe3b5ea0f0ab5800dd9d2365b2b48f736783436c43f/ty-0.0.65-py3-none-win_amd64.whl", hash = "sha256:234a321e33c7cbbfbd67bfa0b01b685dd9c21f1841781a21e5ca1fa0b25f1d5d", size = 12729355, upload-time = "2026-07-29T18:30:57.275Z" },
    { url = "https://files.pythonhosted.org/packages/96/aa/7446f7725e303cf78e058c893af1f0552b9451895454908706f4c6c3494b/ty-0.0.65-py3-none-win_arm64.whl", hash = "sha256:b9424be1ec56d93ff18609fb1c0a0a2283fe1282cd6d1c7604f97d73b94d61f2", size = 12051375, upload-time = "2026-07-29T18:31:00.579Z" },
]

[[package]]
name = "typing-extensions"
version = "4.15.0"
source = { registry = "https://pypi.org/simple" }
sdist = { url = "https://files.pythonhosted.org/packages/72/94/1a15dd82efb362ac84269196e94cf00f187f7ed21c242792a923cdb1c61f/typing_extensions-4.15.0.tar.gz", hash = "sha256:0cea48d173cc12fa28ecabc3b837ea3cf6f38c6d1136f85cbaaf598984861466", size = 109391, upload-time = "2025-08-25T13:49:26.313Z" }
wheels = [
    { url = "https://files.pythonhosted.org/packages/18/67/36e9267722cc04a6b9f15c7f3441c2363321a3ea07da7ae0c0707beb2a9c/typing_extensions-4.15.0-py3-none-any.whl", hash = "sha256:f0fa19c6845758ab08074a0cfa8b7aecb71c999ca73d62883bc25cc018c4e548", size = 44614, upload-time = "2025-08-25T13:49:24.86Z" },
]
